// !$*UTF8*$!
{
	archiveVersion = 1;
	classes = {
	};
	objectVersion = 50;
	objects = {

/* Begin PBXBuildFile section */
		A918B161256C16BC00973901 /* Lesson1 - BinaryGap.swift in Sources */ = {isa = PBXBuildFile; fileRef = A918B160256C16BC00973901 /* Lesson1 - BinaryGap.swift */; };
		A918B165256C176300973901 /* Lesson2 - CyclicRotation.swift in Sources */ = {isa = PBXBuildFile; fileRef = A918B164256C176300973901 /* Lesson2 - CyclicRotation.swift */; };
		A918B169256C17F400973901 /* Lesson2 - OddOccurrencesInArray.swift in Sources */ = {isa = PBXBuildFile; fileRef = A918B168256C17F400973901 /* Lesson2 - OddOccurrencesInArray.swift */; };
		A918B16D256C187200973901 /* Lesson3 - FrogJmp.swift in Sources */ = {isa = PBXBuildFile; fileRef = A918B16C256C187200973901 /* Lesson3 - FrogJmp.swift */; };
		A918B171256C18EA00973901 /* Lesson3 - PermMissingElem.swift in Sources */ = {isa = PBXBuildFile; fileRef = A918B170256C18EA00973901 /* Lesson3 - PermMissingElem.swift */; };
		A918B175256C1AFC00973901 /* Lesson3 - TapeEquilibrium.swift in Sources */ = {isa = PBXBuildFile; fileRef = A918B174256C1AFC00973901 /* Lesson3 - TapeEquilibrium.swift */; };
		A918B17A256C216000973901 /* Lesson4 - FrogRiverOne.swift in Sources */ = {isa = PBXBuildFile; fileRef = A918B179256C215F00973901 /* Lesson4 - FrogRiverOne.swift */; };
		A918B17E256C249F00973901 /* Lesson4 - MaxCounters.swift in Sources */ = {isa = PBXBuildFile; fileRef = A918B17D256C249F00973901 /* Lesson4 - MaxCounters.swift */; };
		A918B182256C2F8800973901 /* Lesson4 - MissingInteger.swift in Sources */ = {isa = PBXBuildFile; fileRef = A918B181256C2F8800973901 /* Lesson4 - MissingInteger.swift */; };
		A9E5FB16256C0D9C00FCF76F /* main.swift in Sources */ = {isa = PBXBuildFile; fileRef = A9E5FB15256C0D9C00FCF76F /* main.swift */; };
/* End PBXBuildFile section */

/* Begin PBXCopyFilesBuildPhase section */
		A9E5FB10256C0D9C00FCF76F /* CopyFiles */ = {
			isa = PBXCopyFilesBuildPhase;
			buildActionMask = 2147483647;
			dstPath = /usr/share/man/man1/;
			dstSubfolderSpec = 0;
			files = (
			);
			runOnlyForDeploymentPostprocessing = 1;
		};
/* End PBXCopyFilesBuildPhase section */

/* Begin PBXFileReference section */
		A918B160256C16BC00973901 /* Lesson1 - BinaryGap.swift */ = {isa = PBXFileReference; lastKnownFileType = sourcecode.swift; path = "Lesson1 - BinaryGap.swift"; sourceTree = "<group>"; };
		A918B164256C176300973901 /* Lesson2 - CyclicRotation.swift */ = {isa = PBXFileReference; lastKnownFileType = sourcecode.swift; path = "Lesson2 - CyclicRotation.swift"; sourceTree = "<group>"; };
		A918B168256C17F400973901 /* Lesson2 - OddOccurrencesInArray.swift */ = {isa = PBXFileReference; lastKnownFileType = sourcecode.swift; path = "Lesson2 - OddOccurrencesInArray.swift"; sourceTree = "<group>"; };
		A918B16C256C187200973901 /* Lesson3 - FrogJmp.swift */ = {isa = PBXFileReference; lastKnownFileType = sourcecode.swift; path = "Lesson3 - FrogJmp.swift"; sourceTree = "<group>"; };
		A918B170256C18EA00973901 /* Lesson3 - PermMissingElem.swift */ = {isa = PBXFileReference; lastKnownFileType = sourcecode.swift; path = "Lesson3 - PermMissingElem.swift"; sourceTree = "<group>"; };
		A918B174256C1AFC00973901 /* Lesson3 - TapeEquilibrium.swift */ = {isa = PBXFileReference; lastKnownFileType = sourcecode.swift; path = "Lesson3 - TapeEquilibrium.swift"; sourceTree = "<group>"; };
		A918B179256C215F00973901 /* Lesson4 - FrogRiverOne.swift */ = {isa = PBXFileReference; lastKnownFileType = sourcecode.swift; path = "Lesson4 - FrogRiverOne.swift"; sourceTree = "<group>"; };
		A918B17D256C249F00973901 /* Lesson4 - MaxCounters.swift */ = {isa = PBXFileReference; lastKnownFileType = sourcecode.swift; path = "Lesson4 - MaxCounters.swift"; sourceTree = "<group>"; };
		A918B181256C2F8800973901 /* Lesson4 - MissingInteger.swift */ = {isa = PBXFileReference; lastKnownFileType = sourcecode.swift; path = "Lesson4 - MissingInteger.swift"; sourceTree = "<group>"; };
		A9E5FB12256C0D9C00FCF76F /* CodilityLessonsSwift */ = {isa = PBXFileReference; explicitFileType = "compiled.mach-o.executable"; includeInIndex = 0; path = CodilityLessonsSwift; sourceTree = BUILT_PRODUCTS_DIR; };
		A9E5FB15256C0D9C00FCF76F /* main.swift */ = {isa = PBXFileReference; lastKnownFileType = sourcecode.swift; path = main.swift; sourceTree = "<group>"; };
/* End PBXFileReference section */

/* Begin PBXFrameworksBuildPhase section */
		A9E5FB0F256C0D9C00FCF76F /* Frameworks */ = {
			isa = PBXFrameworksBuildPhase;
			buildActionMask = 2147483647;
			files = (
			);
			runOnlyForDeploymentPostprocessing = 0;
		};
/* End PBXFrameworksBuildPhase section */

/* Begin PBXGroup section */
		A9E5FB09256C0D9C00FCF76F = {
			isa = PBXGroup;
			children = (
				A9E5FB14256C0D9C00FCF76F /* CodilityLessonsSwift */,
				A9E5FB13256C0D9C00FCF76F /* Products */,
			);
			sourceTree = "<group>";
		};
		A9E5FB13256C0D9C00FCF76F /* Products */ = {
			isa = PBXGroup;
			children = (
				A9E5FB12256C0D9C00FCF76F /* CodilityLessonsSwift */,
			);
			name = Products;
			sourceTree = "<group>";
		};
		A9E5FB14256C0D9C00FCF76F /* CodilityLessonsSwift */ = {
			isa = PBXGroup;
			children = (
				A918B160256C16BC00973901 /* Lesson1 - BinaryGap.swift */,
				A918B164256C176300973901 /* Lesson2 - CyclicRotation.swift */,
				A918B168256C17F400973901 /* Lesson2 - OddOccurrencesInArray.swift */,
				A918B16C256C187200973901 /* Lesson3 - FrogJmp.swift */,
				A918B170256C18EA00973901 /* Lesson3 - PermMissingElem.swift */,
				A918B174256C1AFC00973901 /* Lesson3 - TapeEquilibrium.swift */,
				A918B179256C215F00973901 /* Lesson4 - FrogRiverOne.swift */,
				A918B17D256C249F00973901 /* Lesson4 - MaxCounters.swift */,
				A918B181256C2F8800973901 /* Lesson4 - MissingInteger.swift */,
				A9E5FB15256C0D9C00FCF76F /* main.swift */,
			);
			path = CodilityLessonsSwift;
			sourceTree = "<group>";
		};
/* End PBXGroup section */

/* Begin PBXNativeTarget section */
		A9E5FB11256C0D9C00FCF76F /* CodilityLessonsSwift */ = {
			isa = PBXNativeTarget;
			buildConfigurationList = A9E5FB19256C0D9C00FCF76F /* Build configuration list for PBXNativeTarget "CodilityLessonsSwift" */;
			buildPhases = (
				A9E5FB0E256C0D9C00FCF76F /* Sources */,
				A9E5FB0F256C0D9C00FCF76F /* Frameworks */,
				A9E5FB10256C0D9C00FCF76F /* CopyFiles */,
			);
			buildRules = (
			);
			dependencies = (
			);
			name = CodilityLessonsSwift;
			productName = CodilityLessonsSwift;
			productReference = A9E5FB12256C0D9C00FCF76F /* CodilityLessonsSwift */;
			productType = "com.apple.product-type.tool";
		};
/* End PBXNativeTarget section */

/* Begin PBXProject section */
		A9E5FB0A256C0D9C00FCF76F /* Project object */ = {
			isa = PBXProject;
			attributes = {
				LastSwiftUpdateCheck = 1200;
				LastUpgradeCheck = 1200;
				TargetAttributes = {
					A9E5FB11256C0D9C00FCF76F = {
						CreatedOnToolsVersion = 12.0.1;
					};
				};
			};
			buildConfigurationList = A9E5FB0D256C0D9C00FCF76F /* Build configuration list for PBXProject "CodilityLessonsSwift" */;
			compatibilityVersion = "Xcode 9.3";
			developmentRegion = en;
			hasScannedForEncodings = 0;
			knownRegions = (
				en,
				Base,
			);
			mainGroup = A9E5FB09256C0D9C00FCF76F;
			productRefGroup = A9E5FB13256C0D9C00FCF76F /* Products */;
			projectDirPath = "";
			projectRoot = "";
			targets = (
				A9E5FB11256C0D9C00FCF76F /* CodilityLessonsSwift */,
			);
		};
/* End PBXProject section */

/* Begin PBXSourcesBuildPhase section */
		A9E5FB0E256C0D9C00FCF76F /* Sources */ = {
			isa = PBXSourcesBuildPhase;
			buildActionMask = 2147483647;
			files = (
				A918B171256C18EA00973901 /* Lesson3 - PermMissingElem.swift in Sources */,
				A918B169256C17F400973901 /* Lesson2 - OddOccurrencesInArray.swift in Sources */,
				A918B17E256C249F00973901 /* Lesson4 - MaxCounters.swift in Sources */,
				A9E5FB16256C0D9C00FCF76F /* main.swift in Sources */,
				A918B161256C16BC00973901 /* Lesson1 - BinaryGap.swift in Sources */,
				A918B17A256C216000973901 /* Lesson4 - FrogRiverOne.swift in Sources */,
				A918B165256C176300973901 /* Lesson2 - CyclicRotation.swift in Sources */,
				A918B175256C1AFC00973901 /* Lesson3 - TapeEquilibrium.swift in Sources */,
				A918B182256C2F8800973901 /* Lesson4 - MissingInteger.swift in Sources */,
				A918B16D256C187200973901 /* Lesson3 - FrogJmp.swift in Sources */,
			);
			runOnlyForDeploymentPostprocessing = 0;
		};
/* End PBXSourcesBuildPhase section */

/* Begin XCBuildConfiguration section */
		A9E5FB17256C0D9C00FCF76F /* Debug */ = {
			isa = XCBuildConfiguration;
			buildSettings = {
				ALWAYS_SEARCH_USER_PATHS = NO;
				CLANG_ANALYZER_NONNULL = YES;
				CLANG_ANALYZER_NUMBER_OBJECT_CONVERSION = YES_AGGRESSIVE;
				CLANG_CXX_LANGUAGE_STANDARD = "gnu++14";
				CLANG_CXX_LIBRARY = "libc++";
				CLANG_ENABLE_MODULES = YES;
				CLANG_ENABLE_OBJC_ARC = YES;
				CLANG_ENABLE_OBJC_WEAK = YES;
				CLANG_WARN_BLOCK_CAPTURE_AUTORELEASING = YES;
				CLANG_WARN_BOOL_CONVERSION = YES;
				CLANG_WARN_COMMA = YES;
				CLANG_WARN_CONSTANT_CONVERSION = YES;
				CLANG_WARN_DEPRECATED_OBJC_IMPLEMENTATIONS = YES;
				CLANG_WARN_DIRECT_OBJC_ISA_USAGE = YES_ERROR;
				CLANG_WARN_DOCUMENTATION_COMMENTS = YES;
				CLANG_WARN_EMPTY_BODY = YES;
				CLANG_WARN_ENUM_CONVERSION = YES;
				CLANG_WARN_INFINITE_RECURSION = YES;
				CLANG_WARN_INT_CONVERSION = YES;
				CLANG_WARN_NON_LITERAL_NULL_CONVERSION = YES;
				CLANG_WARN_OBJC_IMPLICIT_RETAIN_SELF = YES;
				CLANG_WARN_OBJC_LITERAL_CONVERSION = YES;
				CLANG_WARN_OBJC_ROOT_CLASS = YES_ERROR;
				CLANG_WARN_QUOTED_INCLUDE_IN_FRAMEWORK_HEADER = YES;
				CLANG_WARN_RANGE_LOOP_ANALYSIS = YES;
				CLANG_WARN_STRICT_PROTOTYPES = YES;
				CLANG_WARN_SUSPICIOUS_MOVE = YES;
				CLANG_WARN_UNGUARDED_AVAILABILITY = YES_AGGRESSIVE;
				CLANG_WARN_UNREACHABLE_CODE = YES;
				CLANG_WARN__DUPLICATE_METHOD_MATCH = YES;
				COPY_PHASE_STRIP = NO;
				DEBUG_INFORMATION_FORMAT = dwarf;
				ENABLE_STRICT_OBJC_MSGSEND = YES;
				ENABLE_TESTABILITY = YES;
				GCC_C_LANGUAGE_STANDARD = gnu11;
				GCC_DYNAMIC_NO_PIC = NO;
				GCC_NO_COMMON_BLOCKS = YES;
				GCC_OPTIMIZATION_LEVEL = 0;
				GCC_PREPROCESSOR_DEFINITIONS = (
					"DEBUG=1",
					"$(inherited)",
				);
				GCC_WARN_64_TO_32_BIT_CONVERSION = YES;
				GCC_WARN_ABOUT_RETURN_TYPE = YES_ERROR;
				GCC_WARN_UNDECLARED_SELECTOR = YES;
				GCC_WARN_UNINITIALIZED_AUTOS = YES_AGGRESSIVE;
				GCC_WARN_UNUSED_FUNCTION = YES;
				GCC_WARN_UNUSED_VARIABLE = YES;
				MACOSX_DEPLOYMENT_TARGET = 10.15;
				MTL_ENABLE_DEBUG_INFO = INCLUDE_SOURCE;
				MTL_FAST_MATH = YES;
				ONLY_ACTIVE_ARCH = YES;
				SDKROOT = macosx;
				SWIFT_ACTIVE_COMPILATION_CONDITIONS = DEBUG;
				SWIFT_OPTIMIZATION_LEVEL = "-Onone";
			};
			name = Debug;
		};
		A9E5FB18256C0D9C00FCF76F /* Release */ = {
			isa = XCBuildConfiguration;
			buildSettings = {
				ALWAYS_SEARCH_USER_PATHS = NO;
				CLANG_ANALYZER_NONNULL = YES;
				CLANG_ANALYZER_NUMBER_OBJECT_CONVERSION = YES_AGGRESSIVE;
				CLANG_CXX_LANGUAGE_STANDARD = "gnu++14";
				CLANG_CXX_LIBRARY = "libc++";
				CLANG_ENABLE_MODULES = YES;
				CLANG_ENABLE_OBJC_ARC = YES;
				CLANG_ENABLE_OBJC_WEAK = YES;
				CLANG_WARN_BLOCK_CAPTURE_AUTORELEASING = YES;
				CLANG_WARN_BOOL_CONVERSION = YES;
				CLANG_WARN_COMMA = YES;
				CLANG_WARN_CONSTANT_CONVERSION = YES;
				CLANG_WARN_DEPRECATED_OBJC_IMPLEMENTATIONS = YES;
				CLANG_WARN_DIRECT_OBJC_ISA_USAGE = YES_ERROR;
				CLANG_WARN_DOCUMENTATION_COMMENTS = YES;
				CLANG_WARN_EMPTY_BODY = YES;
				CLANG_WARN_ENUM_CONVERSION = YES;
				CLANG_WARN_INFINITE_RECURSION = YES;
				CLANG_WARN_INT_CONVERSION = YES;
				CLANG_WARN_NON_LITERAL_NULL_CONVERSION = YES;
				CLANG_WARN_OBJC_IMPLICIT_RETAIN_SELF = YES;
				CLANG_WARN_OBJC_LITERAL_CONVERSION = YES;
				CLANG_WARN_OBJC_ROOT_CLASS = YES_ERROR;
				CLANG_WARN_QUOTED_INCLUDE_IN_FRAMEWORK_HEADER = YES;
				CLANG_WARN_RANGE_LOOP_ANALYSIS = YES;
				CLANG_WARN_STRICT_PROTOTYPES = YES;
				CLANG_WARN_SUSPICIOUS_MOVE = YES;
				CLANG_WARN_UNGUARDED_AVAILABILITY = YES_AGGRESSIVE;
				CLANG_WARN_UNREACHABLE_CODE = YES;
				CLANG_WARN__DUPLICATE_METHOD_MATCH = YES;
				COPY_PHASE_STRIP = NO;
				DEBUG_INFORMATION_FORMAT = "dwarf-with-dsym";
				ENABLE_NS_ASSERTIONS = NO;
				ENABLE_STRICT_OBJC_MSGSEND = YES;
				GCC_C_LANGUAGE_STANDARD = gnu11;
				GCC_NO_COMMON_BLOCKS = YES;
				GCC_WARN_64_TO_32_BIT_CONVERSION = YES;
				GCC_WARN_ABOUT_RETURN_TYPE = YES_ERROR;
				GCC_WARN_UNDECLARED_SELECTOR = YES;
				GCC_WARN_UNINITIALIZED_AUTOS = YES_AGGRESSIVE;
				GCC_WARN_UNUSED_FUNCTION = YES;
				GCC_WARN_UNUSED_VARIABLE = YES;
				MACOSX_DEPLOYMENT_TARGET = 10.15;
				MTL_ENABLE_DEBUG_INFO = NO;
				MTL_FAST_MATH = YES;
				SDKROOT = macosx;
				SWIFT_COMPILATION_MODE = wholemodule;
				SWIFT_OPTIMIZATION_LEVEL = "-O";
			};
			name = Release;
		};
		A9E5FB1A256C0D9C00FCF76F /* Debug */ = {
			isa = XCBuildConfiguration;
			buildSettings = {
				CODE_SIGN_STYLE = Automatic;
				PRODUCT_NAME = "$(TARGET_NAME)";
				SWIFT_VERSION = 5.0;
			};
			name = Debug;
		};
		A9E5FB1B256C0D9C00FCF76F /* Release */ = {
			isa = XCBuildConfiguration;
			buildSettings = {
				CODE_SIGN_STYLE = Automatic;
				PRODUCT_NAME = "$(TARGET_NAME)";
				SWIFT_VERSION = 5.0;
			};
			name = Release;
		};
/* End XCBuildConfiguration section */

/* Begin XCConfigurationList section */
		A9E5FB0D256C0D9C00FCF76F /* Build configuration list for PBXProject "CodilityLessonsSwift" */ = {
			isa = XCConfigurationList;
			buildConfigurations = (
				A9E5FB17256C0D9C00FCF76F /* Debug */,
				A9E5FB18256C0D9C00FCF76F /* Release */,
			);
			defaultConfigurationIsVisible = 0;
			defaultConfigurationName = Release;
		};
		A9E5FB19256C0D9C00FCF76F /* Build configuration list for PBXNativeTarget "CodilityLessonsSwift" */ = {
			isa = XCConfigurationList;
			buildConfigurations = (
				A9E5FB1A256C0D9C00FCF76F /* Debug */,
				A9E5FB1B256C0D9C00FCF76F /* Release */,
			);
			defaultConfigurationIsVisible = 0;
			defaultConfigurationName = Release;
		};
/* End XCConfigurationList section */
	};
	rootObject = A9E5FB0A256C0D9C00FCF76F /* Project object */;
}
